Microsoft Visual Studio Solution File, Format Version 12.00
# Visual Studio 2012
Project("{FAE04EC0-301F-11D3-BF4B-00C04F79EFBC}") = "PuzzleCourse", "PuzzleCourse.csproj", "{11D41278-5672-4240-AE57-E70BB47CC439}"
EndProject
Global
	GlobalSection(SolutionConfigurationPlatforms) = preSolution
	Debug|Any CPU = Debug|Any CPU
	ExportDebug|Any CPU = ExportDebug|Any CPU
	ExportRelease|Any CPU = ExportRelease|Any CPU
	EndGlobalSection
	GlobalSection(ProjectConfigurationPlatforms) = postSolution
		{11D41278-5672-4240-AE57-E70BB47CC439}.Debug|Any CPU.ActiveCfg = Debug|Any CPU
		{11D41278-5672-4240-AE57-E70BB47CC439}.Debug|Any CPU.Build.0 = Debug|Any CPU
		{11D41278-5672-4240-AE57-E70BB47CC439}.ExportDebug|Any CPU.ActiveCfg = ExportDebug|Any CPU
		{11D41278-5672-4240-AE57-E70BB47CC439}.ExportDebug|Any CPU.Build.0 = ExportDebug|Any CPU
		{11D41278-5672-4240-AE57-E70BB47CC439}.ExportRelease|Any CPU.ActiveCfg = ExportRelease|Any CPU
		{11D41278-5672-4240-AE57-E70BB47CC439}.ExportRelease|Any CPU.Build.0 = ExportRelease|Any CPU
	EndGlobalSection
EndGlobal
